
Microsoft Visual Studio Solution File, Format Version 12.00
# Visual Studio 2013
VisualStudioVersion = 12.0.21005.1
MinimumVisualStudioVersion = 10.0.40219.1
Project("{FAE04EC0-301F-11D3-BF4B-00C04F79EFBC}") = "AttendanceFaceQR", "AttendanceFaceQR\AttendanceFaceQR.csproj", "{30655723-697F-480A-8392-C9397FB128F5}"
EndProject
Project("{2150E333-8FDC-42A3-9474-1A3956D46DE8}") = "Solution Items", "Solution Items", "{BFC6E4B5-1FCB-45CF-A33E-AEF03EDA99FD}"
	ProjectSection(SolutionItems) = preProject
		Connection_DB.cs = Connection_DB.cs
	EndProjectSection
EndProject
Global
	GlobalSection(SolutionConfigurationPlatforms) = preSolution
		Debug|Any CPU = Debug|Any CPU
		Release|Any CPU = Release|Any CPU
	EndGlobalSection
	GlobalSection(ProjectConfigurationPlatforms) = postSolution
		{30655723-697F-480A-8392-C9397FB128F5}.Debug|Any CPU.ActiveCfg = Debug|Any CPU
		{30655723-697F-480A-8392-C9397FB128F5}.Debug|Any CPU.Build.0 = Debug|Any CPU
		{30655723-697F-480A-8392-C9397FB128F5}.Release|Any CPU.ActiveCfg = Release|Any CPU
		{30655723-697F-480A-8392-C9397FB128F5}.Release|Any CPU.Build.0 = Release|Any CPU
	EndGlobalSection
	GlobalSection(SolutionProperties) = preSolution
		HideSolutionNode = FALSE
	EndGlobalSection
EndGlobal
